
Microsoft Visual Studio Solution File, Format Version 12.00
# Visual Studio Version 17
VisualStudioVersion = 17.9.34728.123
MinimumVisualStudioVersion = 10.0.40219.1
Project("{FAE04EC0-301F-11D3-BF4B-00C04F79EFBC}") = "SequentialStructureExercise4", "SequentialStructureExercise4\SequentialStructureExercise4.csproj", "{183A657E-00F5-44E7-B2B5-2A0358214B45}"
EndProject
Global
	GlobalSection(SolutionConfigurationPlatforms) = preSolution
		Debug|Any CPU = Debug|Any CPU
		Release|Any CPU = Release|Any CPU
	EndGlobalSection
	GlobalSection(ProjectConfigurationPlatforms) = postSolution
		{183A657E-00F5-44E7-B2B5-2A0358214B45}.Debug|Any CPU.ActiveCfg = Debug|Any CPU
		{183A657E-00F5-44E7-B2B5-2A0358214B45}.Debug|Any CPU.Build.0 = Debug|Any CPU
		{183A657E-00F5-44E7-B2B5-2A0358214B45}.Release|Any CPU.ActiveCfg = Release|Any CPU
		{183A657E-00F5-44E7-B2B5-2A0358214B45}.Release|Any CPU.Build.0 = Release|Any CPU
	EndGlobalSection
	GlobalSection(SolutionProperties) = preSolution
		HideSolutionNode = FALSE
	EndGlobalSection
	GlobalSection(ExtensibilityGlobals) = postSolution
		SolutionGuid = {613EEF4E-6CF4-4DB0-B21B-37417C47E994}
	EndGlobalSection
EndGlobal
